
Microsoft Visual Studio Solution File, Format Version 12.00
# Visual Studio Version 17
VisualStudioVersion = 17.7.34031.279
MinimumVisualStudioVersion = 10.0.40219.1
Project("{FAE04EC0-301F-11D3-BF4B-00C04F79EFBC}") = "PuglinCKEditorApp", "PuglinCKEditorApp\PuglinCKEditorApp.csproj", "{D454A9E2-D4E0-43F7-A508-C080A38DABEE}"
EndProject
Global
	GlobalSection(SolutionConfigurationPlatforms) = preSolution
		Debug|Any CPU = Debug|Any CPU
		Release|Any CPU = Release|Any CPU
	EndGlobalSection
	GlobalSection(ProjectConfigurationPlatforms) = postSolution
		{D454A9E2-D4E0-43F7-A508-C080A38DABEE}.Debug|Any CPU.ActiveCfg = Debug|Any CPU
		{D454A9E2-D4E0-43F7-A508-C080A38DABEE}.Debug|Any CPU.Build.0 = Debug|Any CPU
		{D454A9E2-D4E0-43F7-A508-C080A38DABEE}.Release|Any CPU.ActiveCfg = Release|Any CPU
		{D454A9E2-D4E0-43F7-A508-C080A38DABEE}.Release|Any CPU.Build.0 = Release|Any CPU
	EndGlobalSection
	GlobalSection(SolutionProperties) = preSolution
		HideSolutionNode = FALSE
	EndGlobalSection
	GlobalSection(ExtensibilityGlobals) = postSolution
		SolutionGuid = {D27A9969-B863-40E0-A7F2-BAFABF90F973}
	EndGlobalSection
EndGlobal
